
Microsoft Visual Studio Solution File, Format Version 12.00
# Visual Studio Version 16
VisualStudioVersion = 16.0.30907.101
MinimumVisualStudioVersion = 10.0.40219.1
Project("{FAE04EC0-301F-11D3-BF4B-00C04F79EFBC}") = "ConsoleApp2", "ConsoleApp2\ConsoleApp2.csproj", "{C7A604D0-6773-41B3-B575-A1BB1803B0A4}"
EndProject
Global
	GlobalSection(SolutionConfigurationPlatforms) = preSolution
		Debug|Any CPU = Debug|Any CPU
		Release|Any CPU = Release|Any CPU
	EndGlobalSection
	GlobalSection(ProjectConfigurationPlatforms) = postSolution
		{C7A604D0-6773-41B3-B575-A1BB1803B0A4}.Debug|Any CPU.ActiveCfg = Debug|Any CPU
		{C7A604D0-6773-41B3-B575-A1BB1803B0A4}.Debug|Any CPU.Build.0 = Debug|Any CPU
		{C7A604D0-6773-41B3-B575-A1BB1803B0A4}.Release|Any CPU.ActiveCfg = Release|Any CPU
		{C7A604D0-6773-41B3-B575-A1BB1803B0A4}.Release|Any CPU.Build.0 = Release|Any CPU
	EndGlobalSection
	GlobalSection(SolutionProperties) = preSolution
		HideSolutionNode = FALSE
	EndGlobalSection
	GlobalSection(ExtensibilityGlobals) = postSolution
		SolutionGuid = {6F552476-20C2-4E9B-8E67-A72FEB106542}
	EndGlobalSection
EndGlobal
